
Microsoft Visual Studio Solution File, Format Version 12.00
# Visual Studio Version 16
VisualStudioVersion = 16.0.31729.503
MinimumVisualStudioVersion = 10.0.40219.1
Project("{2150E333-8FDC-42A3-9474-1A3956D46DE8}") = "src", "src", "{61DBAE3A-DE89-4F44-9643-B1D4F540895A}"
EndProject
Project("{2150E333-8FDC-42A3-9474-1A3956D46DE8}") = "Catalog", "Catalog", "{13BD5A33-C3D5-493A-855A-F175446E9BAB}"
EndProject
Project("{9A19103F-16F7-4668-BE54-9A1E7A4F7556}") = "Catalog.API", "src\Catalog\Catalog.API\Catalog.API.csproj", "{7EC8DCC6-554C-43E9-9440-5ED8A7721D09}"
EndProject
Project("{E53339B2-1760-4266-BCC7-CA923CBCF16C}") = "docker-compose", "docker-compose.dcproj", "{ADA396CD-A186-4B13-9647-B48775FCAD6E}"
EndProject
Project("{2150E333-8FDC-42A3-9474-1A3956D46DE8}") = "Basket", "Basket", "{7F79ECC6-C8FF-40A2-A1AC-AAF769E799AC}"
EndProject
Project("{9A19103F-16F7-4668-BE54-9A1E7A4F7556}") = "Basket.API", "src\Basket\Basket.API\Basket.API.csproj", "{5D208BB0-E73C-4AB7-98A6-BF6F020250AD}"
EndProject
Project("{2150E333-8FDC-42A3-9474-1A3956D46DE8}") = "Common", "Common", "{2A0A541F-CBB0-4845-A46B-44BDEBF745B7}"
EndProject
Project("{9A19103F-16F7-4668-BE54-9A1E7A4F7556}") = "EventBusRabbitMQ", "src\Common\EventBusRabbitMQ\EventBusRabbitMQ.csproj", "{1FBE1941-0C03-41DE-9B27-65183FB57F15}"
EndProject
Project("{2150E333-8FDC-42A3-9474-1A3956D46DE8}") = "Ordering", "Ordering", "{B451F928-AA86-48C0-B709-BD2C1E7086A2}"
EndProject
Project("{FAE04EC0-301F-11D3-BF4B-00C04F79EFBC}") = "Ordering.API", "src\Ordering\Ordering.API\Ordering.API.csproj", "{04318619-CD94-4482-9BED-1D30D65005F2}"
EndProject
Project("{FAE04EC0-301F-11D3-BF4B-00C04F79EFBC}") = "Ordering.Core", "src\Ordering\Ordering.Core\Ordering.Core.csproj", "{0843CF21-4009-47A2-8D08-466596400890}"
EndProject
Project("{FAE04EC0-301F-11D3-BF4B-00C04F79EFBC}") = "Ordering.Infrastructure", "src\Ordering\Ordering.Infrastructure\Ordering.Infrastructure.csproj", "{84BCC20A-2DC1-4F24-AD27-220F661C6EC5}"
EndProject
Project("{FAE04EC0-301F-11D3-BF4B-00C04F79EFBC}") = "Ordering.Application", "src\Ordering\Ordering.Application\Ordering.Application.csproj", "{98B39FE1-1D1D-4305-9F3A-C0F460ED062B}"
EndProject
Global
	GlobalSection(SolutionConfigurationPlatforms) = preSolution
		Debug|Any CPU = Debug|Any CPU
		Release|Any CPU = Release|Any CPU
	EndGlobalSection
	GlobalSection(ProjectConfigurationPlatforms) = postSolution
		{7EC8DCC6-554C-43E9-9440-5ED8A7721D09}.Debug|Any CPU.ActiveCfg = Debug|Any CPU
		{7EC8DCC6-554C-43E9-9440-5ED8A7721D09}.Debug|Any CPU.Build.0 = Debug|Any CPU
		{7EC8DCC6-554C-43E9-9440-5ED8A7721D09}.Release|Any CPU.ActiveCfg = Release|Any CPU
		{7EC8DCC6-554C-43E9-9440-5ED8A7721D09}.Release|Any CPU.Build.0 = Release|Any CPU
		{ADA396CD-A186-4B13-9647-B48775FCAD6E}.Debug|Any CPU.ActiveCfg = Debug|Any CPU
		{ADA396CD-A186-4B13-9647-B48775FCAD6E}.Debug|Any CPU.Build.0 = Debug|Any CPU
		{ADA396CD-A186-4B13-9647-B48775FCAD6E}.Release|Any CPU.ActiveCfg = Release|Any CPU
		{ADA396CD-A186-4B13-9647-B48775FCAD6E}.Release|Any CPU.Build.0 = Release|Any CPU
		{5D208BB0-E73C-4AB7-98A6-BF6F020250AD}.Debug|Any CPU.ActiveCfg = Debug|Any CPU
		{5D208BB0-E73C-4AB7-98A6-BF6F020250AD}.Debug|Any CPU.Build.0 = Debug|Any CPU
		{5D208BB0-E73C-4AB7-98A6-BF6F020250AD}.Release|Any CPU.ActiveCfg = Release|Any CPU
		{5D208BB0-E73C-4AB7-98A6-BF6F020250AD}.Release|Any CPU.Build.0 = Release|Any CPU
		{1FBE1941-0C03-41DE-9B27-65183FB57F15}.Debug|Any CPU.ActiveCfg = Debug|Any CPU
		{1FBE1941-0C03-41DE-9B27-65183FB57F15}.Debug|Any CPU.Build.0 = Debug|Any CPU
		{1FBE1941-0C03-41DE-9B27-65183FB57F15}.Release|Any CPU.ActiveCfg = Release|Any CPU
		{1FBE1941-0C03-41DE-9B27-65183FB57F15}.Release|Any CPU.Build.0 = Release|Any CPU
		{04318619-CD94-4482-9BED-1D30D65005F2}.Debug|Any CPU.ActiveCfg = Debug|Any CPU
		{04318619-CD94-4482-9BED-1D30D65005F2}.Debug|Any CPU.Build.0 = Debug|Any CPU
		{04318619-CD94-4482-9BED-1D30D65005F2}.Release|Any CPU.ActiveCfg = Release|Any CPU
		{04318619-CD94-4482-9BED-1D30D65005F2}.Release|Any CPU.Build.0 = Release|Any CPU
		{0843CF21-4009-47A2-8D08-466596400890}.Debug|Any CPU.ActiveCfg = Debug|Any CPU
		{0843CF21-4009-47A2-8D08-466596400890}.Debug|Any CPU.Build.0 = Debug|Any CPU
		{0843CF21-4009-47A2-8D08-466596400890}.Release|Any CPU.ActiveCfg = Release|Any CPU
		{0843CF21-4009-47A2-8D08-466596400890}.Release|Any CPU.Build.0 = Release|Any CPU
		{84BCC20A-2DC1-4F24-AD27-220F661C6EC5}.Debug|Any CPU.ActiveCfg = Debug|Any CPU
		{84BCC20A-2DC1-4F24-AD27-220F661C6EC5}.Debug|Any CPU.Build.0 = Debug|Any CPU
		{84BCC20A-2DC1-4F24-AD27-220F661C6EC5}.Release|Any CPU.ActiveCfg = Release|Any CPU
		{84BCC20A-2DC1-4F24-AD27-220F661C6EC5}.Release|Any CPU.Build.0 = Release|Any CPU
		{98B39FE1-1D1D-4305-9F3A-C0F460ED062B}.Debug|Any CPU.ActiveCfg = Debug|Any CPU
		{98B39FE1-1D1D-4305-9F3A-C0F460ED062B}.Debug|Any CPU.Build.0 = Debug|Any CPU
		{98B39FE1-1D1D-4305-9F3A-C0F460ED062B}.Release|Any CPU.ActiveCfg = Release|Any CPU
		{98B39FE1-1D1D-4305-9F3A-C0F460ED062B}.Release|Any CPU.Build.0 = Release|Any CPU
	EndGlobalSection
	GlobalSection(SolutionProperties) = preSolution
		HideSolutionNode = FALSE
	EndGlobalSection
	GlobalSection(NestedProjects) = preSolution
		{13BD5A33-C3D5-493A-855A-F175446E9BAB} = {61DBAE3A-DE89-4F44-9643-B1D4F540895A}
		{7EC8DCC6-554C-43E9-9440-5ED8A7721D09} = {13BD5A33-C3D5-493A-855A-F175446E9BAB}
		{7F79ECC6-C8FF-40A2-A1AC-AAF769E799AC} = {61DBAE3A-DE89-4F44-9643-B1D4F540895A}
		{5D208BB0-E73C-4AB7-98A6-BF6F020250AD} = {7F79ECC6-C8FF-40A2-A1AC-AAF769E799AC}
		{2A0A541F-CBB0-4845-A46B-44BDEBF745B7} = {61DBAE3A-DE89-4F44-9643-B1D4F540895A}
		{1FBE1941-0C03-41DE-9B27-65183FB57F15} = {2A0A541F-CBB0-4845-A46B-44BDEBF745B7}
		{B451F928-AA86-48C0-B709-BD2C1E7086A2} = {61DBAE3A-DE89-4F44-9643-B1D4F540895A}
		{04318619-CD94-4482-9BED-1D30D65005F2} = {B451F928-AA86-48C0-B709-BD2C1E7086A2}
		{0843CF21-4009-47A2-8D08-466596400890} = {B451F928-AA86-48C0-B709-BD2C1E7086A2}
		{84BCC20A-2DC1-4F24-AD27-220F661C6EC5} = {B451F928-AA86-48C0-B709-BD2C1E7086A2}
		{98B39FE1-1D1D-4305-9F3A-C0F460ED062B} = {B451F928-AA86-48C0-B709-BD2C1E7086A2}
	EndGlobalSection
	GlobalSection(ExtensibilityGlobals) = postSolution
		SolutionGuid = {13848391-53FF-4D3B-AA8F-EE746CF52AEF}
	EndGlobalSection
EndGlobal
